// !$*UTF8*$!
{
	archiveVersion = 1;
	classes = {
	};
	objectVersion = 46;
	objects = {

/* Begin PBXBuildFile section */
		0F28A6E31F61FFC000346377 /* UTUnsplashLoadingOverlay.swift in Sources */ = {isa = PBXBuildFile; fileRef = 0F28A6E21F61FFC000346377 /* UTUnsplashLoadingOverlay.swift */; };
		0F3407A31F61A58200994A22 /* UTUnsplashService.swift in Sources */ = {isa = PBXBuildFile; fileRef = 0F3407A21F61A58200994A22 /* UTUnsplashService.swift */; };
		0FE487E51F615AB500B7E57B /* AppDelegate.swift in Sources */ = {isa = PBXBuildFile; fileRef = 0FE487E41F615AB500B7E57B /* AppDelegate.swift */; };
		0FE487E71F615AB500B7E57B /* ViewController.swift in Sources */ = {isa = PBXBuildFile; fileRef = 0FE487E61F615AB500B7E57B /* ViewController.swift */; };
		0FE487EA1F615AB500B7E57B /* Main.storyboard in Resources */ = {isa = PBXBuildFile; fileRef = 0FE487E81F615AB500B7E57B /* Main.storyboard */; };
		0FE487EC1F615AB500B7E57B /* Assets.xcassets in Resources */ = {isa = PBXBuildFile; fileRef = 0FE487EB1F615AB500B7E57B /* Assets.xcassets */; };
		0FE487EF1F615AB500B7E57B /* LaunchScreen.storyboard in Resources */ = {isa = PBXBuildFile; fileRef = 0FE487ED1F615AB500B7E57B /* LaunchScreen.storyboard */; };
		0FE487FA1F615AB500B7E57B /* UTUnsplashTests.swift in Sources */ = {isa = PBXBuildFile; fileRef = 0FE487F91F615AB500B7E57B /* UTUnsplashTests.swift */; };
		0FE488051F615AB500B7E57B /* UTUnsplashUITests.swift in Sources */ = {isa = PBXBuildFile; fileRef = 0FE488041F615AB500B7E57B /* UTUnsplashUITests.swift */; };
		0FE488161F615D4700B7E57B /* UTUnsplashStoryboard.storyboard in Resources */ = {isa = PBXBuildFile; fileRef = 0FE488151F615D4700B7E57B /* UTUnsplashStoryboard.storyboard */; };
		0FE488181F615E8B00B7E57B /* UTUnsplash.swift in Sources */ = {isa = PBXBuildFile; fileRef = 0FE488171F615E8B00B7E57B /* UTUnsplash.swift */; };
		0FE4881A1F6162A000B7E57B /* UTUnsplashViewController.swift in Sources */ = {isa = PBXBuildFile; fileRef = 0FE488191F6162A000B7E57B /* UTUnsplashViewController.swift */; };
		0FE4881C1F61644B00B7E57B /* UTUnsplashCell.swift in Sources */ = {isa = PBXBuildFile; fileRef = 0FE4881B1F61644B00B7E57B /* UTUnsplashCell.swift */; };
		0FE4881E1F6166DD00B7E57B /* UTUnsplash.xcassets in Resources */ = {isa = PBXBuildFile; fileRef = 0FE4881D1F6166DD00B7E57B /* UTUnsplash.xcassets */; };
/* End PBXBuildFile section */

/* Begin PBXContainerItemProxy section */
		0FE487F61F615AB500B7E57B /* PBXContainerItemProxy */ = {
			isa = PBXContainerItemProxy;
			containerPortal = 0FE487D91F615AB500B7E57B /* Project object */;
			proxyType = 1;
			remoteGlobalIDString = 0FE487E01F615AB500B7E57B;
			remoteInfo = UTUnsplash;
		};
		0FE488011F615AB500B7E57B /* PBXContainerItemProxy */ = {
			isa = PBXContainerItemProxy;
			containerPortal = 0FE487D91F615AB500B7E57B /* Project object */;
			proxyType = 1;
			remoteGlobalIDString = 0FE487E01F615AB500B7E57B;
			remoteInfo = UTUnsplash;
		};
/* End PBXContainerItemProxy section */

/* Begin PBXFileReference section */
		0F28A6E21F61FFC000346377 /* UTUnsplashLoadingOverlay.swift */ = {isa = PBXFileReference; fileEncoding = 4; lastKnownFileType = sourcecode.swift; path = UTUnsplashLoadingOverlay.swift; sourceTree = "<group>"; };
		0F3407A21F61A58200994A22 /* UTUnsplashService.swift */ = {isa = PBXFileReference; fileEncoding = 4; lastKnownFileType = sourcecode.swift; path = UTUnsplashService.swift; sourceTree = "<group>"; };
		0FE487E11F615AB500B7E57B /* UTUnsplash.app */ = {isa = PBXFileReference; explicitFileType = wrapper.application; includeInIndex = 0; path = UTUnsplash.app; sourceTree = BUILT_PRODUCTS_DIR; };
		0FE487E41F615AB500B7E57B /* AppDelegate.swift */ = {isa = PBXFileReference; lastKnownFileType = sourcecode.swift; path = AppDelegate.swift; sourceTree = "<group>"; };
		0FE487E61F615AB500B7E57B /* ViewController.swift */ = {isa = PBXFileReference; lastKnownFileType = sourcecode.swift; path = ViewController.swift; sourceTree = "<group>"; };
		0FE487E91F615AB500B7E57B /* Base */ = {isa = PBXFileReference; lastKnownFileType = file.storyboard; name = Base; path = Base.lproj/Main.storyboard; sourceTree = "<group>"; };
		0FE487EB1F615AB500B7E57B /* Assets.xcassets */ = {isa = PBXFileReference; lastKnownFileType = folder.assetcatalog; path = Assets.xcassets; sourceTree = "<group>"; };
		0FE487EE1F615AB500B7E57B /* Base */ = {isa = PBXFileReference; lastKnownFileType = file.storyboard; name = Base; path = Base.lproj/LaunchScreen.storyboard; sourceTree = "<group>"; };
		0FE487F01F615AB500B7E57B /* Info.plist */ = {isa = PBXFileReference; lastKnownFileType = text.plist.xml; path = Info.plist; sourceTree = "<group>"; };
		0FE487F51F615AB500B7E57B /* UTUnsplashTests.xctest */ = {isa = PBXFileReference; explicitFileType = wrapper.cfbundle; includeInIndex = 0; path = UTUnsplashTests.xctest; sourceTree = BUILT_PRODUCTS_DIR; };
		0FE487F91F615AB500B7E57B /* UTUnsplashTests.swift */ = {isa = PBXFileReference; lastKnownFileType = sourcecode.swift; path = UTUnsplashTests.swift; sourceTree = "<group>"; };
		0FE487FB1F615AB500B7E57B /* Info.plist */ = {isa = PBXFileReference; lastKnownFileType = text.plist.xml; path = Info.plist; sourceTree = "<group>"; };
		0FE488001F615AB500B7E57B /* UTUnsplashUITests.xctest */ = {isa = PBXFileReference; explicitFileType = wrapper.cfbundle; includeInIndex = 0; path = UTUnsplashUITests.xctest; sourceTree = BUILT_PRODUCTS_DIR; };
		0FE488041F615AB500B7E57B /* UTUnsplashUITests.swift */ = {isa = PBXFileReference; lastKnownFileType = sourcecode.swift; path = UTUnsplashUITests.swift; sourceTree = "<group>"; };
		0FE488061F615AB500B7E57B /* Info.plist */ = {isa = PBXFileReference; lastKnownFileType = text.plist.xml; path = Info.plist; sourceTree = "<group>"; };
		0FE488151F615D4700B7E57B /* UTUnsplashStoryboard.storyboard */ = {isa = PBXFileReference; fileEncoding = 4; lastKnownFileType = file.storyboard; path = UTUnsplashStoryboard.storyboard; sourceTree = "<group>"; };
		0FE488171F615E8B00B7E57B /* UTUnsplash.swift */ = {isa = PBXFileReference; fileEncoding = 4; lastKnownFileType = sourcecode.swift; path = UTUnsplash.swift; sourceTree = "<group>"; };
		0FE488191F6162A000B7E57B /* UTUnsplashViewController.swift */ = {isa = PBXFileReference; fileEncoding = 4; lastKnownFileType = sourcecode.swift; path = UTUnsplashViewController.swift; sourceTree = "<group>"; };
		0FE4881B1F61644B00B7E57B /* UTUnsplashCell.swift */ = {isa = PBXFileReference; fileEncoding = 4; lastKnownFileType = sourcecode.swift; path = UTUnsplashCell.swift; sourceTree = "<group>"; };
		0FE4881D1F6166DD00B7E57B /* UTUnsplash.xcassets */ = {isa = PBXFileReference; lastKnownFileType = folder.assetcatalog; path = UTUnsplash.xcassets; sourceTree = "<group>"; };
/* End PBXFileReference section */

/* Begin PBXFrameworksBuildPhase section */
		0FE487DE1F615AB500B7E57B /* Frameworks */ = {
			isa = PBXFrameworksBuildPhase;
			buildActionMask = 2147483647;
			files = (
			);
			runOnlyForDeploymentPostprocessing = 0;
		};
		0FE487F21F615AB500B7E57B /* Frameworks */ = {
			isa = PBXFrameworksBuildPhase;
			buildActionMask = 2147483647;
			files = (
			);
			runOnlyForDeploymentPostprocessing = 0;
		};
		0FE487FD1F615AB500B7E57B /* Frameworks */ = {
			isa = PBXFrameworksBuildPhase;
			buildActionMask = 2147483647;
			files = (
			);
			runOnlyForDeploymentPostprocessing = 0;
		};
/* End PBXFrameworksBuildPhase section */

/* Begin PBXGroup section */
		0FE487D81F615AB500B7E57B = {
			isa = PBXGroup;
			children = (
				0FE488121F615B3800B7E57B /* Source */,
				0FE487E31F615AB500B7E57B /* UTUnsplash */,
				0FE487F81F615AB500B7E57B /* UTUnsplashTests */,
				0FE488031F615AB500B7E57B /* UTUnsplashUITests */,
				0FE487E21F615AB500B7E57B /* Products */,
			);
			sourceTree = "<group>";
		};
		0FE487E21F615AB500B7E57B /* Products */ = {
			isa = PBXGroup;
			children = (
				0FE487E11F615AB500B7E57B /* UTUnsplash.app */,
				0FE487F51F615AB500B7E57B /* UTUnsplashTests.xctest */,
				0FE488001F615AB500B7E57B /* UTUnsplashUITests.xctest */,
			);
			name = Products;
			sourceTree = "<group>";
		};
		0FE487E31F615AB500B7E57B /* UTUnsplash */ = {
			isa = PBXGroup;
			children = (
				0FE487E41F615AB500B7E57B /* AppDelegate.swift */,
				0FE487E61F615AB500B7E57B /* ViewController.swift */,
				0FE487E81F615AB500B7E57B /* Main.storyboard */,
				0FE487EB1F615AB500B7E57B /* Assets.xcassets */,
				0FE487ED1F615AB500B7E57B /* LaunchScreen.storyboard */,
				0FE487F01F615AB500B7E57B /* Info.plist */,
			);
			path = UTUnsplash;
			sourceTree = "<group>";
		};
		0FE487F81F615AB500B7E57B /* UTUnsplashTests */ = {
			isa = PBXGroup;
			children = (
				0FE487F91F615AB500B7E57B /* UTUnsplashTests.swift */,
				0FE487FB1F615AB500B7E57B /* Info.plist */,
			);
			path = UTUnsplashTests;
			sourceTree = "<group>";
		};
		0FE488031F615AB500B7E57B /* UTUnsplashUITests */ = {
			isa = PBXGroup;
			children = (
				0FE488041F615AB500B7E57B /* UTUnsplashUITests.swift */,
				0FE488061F615AB500B7E57B /* Info.plist */,
			);
			path = UTUnsplashUITests;
			sourceTree = "<group>";
		};
		0FE488121F615B3800B7E57B /* Source */ = {
			isa = PBXGroup;
			children = (
				0FE488151F615D4700B7E57B /* UTUnsplashStoryboard.storyboard */,
				0FE488171F615E8B00B7E57B /* UTUnsplash.swift */,
				0FE488191F6162A000B7E57B /* UTUnsplashViewController.swift */,
				0FE4881B1F61644B00B7E57B /* UTUnsplashCell.swift */,
				0FE4881D1F6166DD00B7E57B /* UTUnsplash.xcassets */,
				0F3407A21F61A58200994A22 /* UTUnsplashService.swift */,
				0F28A6E21F61FFC000346377 /* UTUnsplashLoadingOverlay.swift */,
			);
			name = Source;
			path = ../Source;
			sourceTree = "<group>";
		};
/* End PBXGroup section */

/* Begin PBXNativeTarget section */
		0FE487E01F615AB500B7E57B /* UTUnsplash */ = {
			isa = PBXNativeTarget;
			buildConfigurationList = 0FE488091F615AB500B7E57B /* Build configuration list for PBXNativeTarget "UTUnsplash" */;
			buildPhases = (
				0FE487DD1F615AB500B7E57B /* Sources */,
				0FE487DE1F615AB500B7E57B /* Frameworks */,
				0FE487DF1F615AB500B7E57B /* Resources */,
			);
			buildRules = (
			);
			dependencies = (
			);
			name = UTUnsplash;
			productName = UTUnsplash;
			productReference = 0FE487E11F615AB500B7E57B /* UTUnsplash.app */;
			productType = "com.apple.product-type.application";
		};
		0FE487F41F615AB500B7E57B /* UTUnsplashTests */ = {
			isa = PBXNativeTarget;
			buildConfigurationList = 0FE4880C1F615AB500B7E57B /* Build configuration list for PBXNativeTarget "UTUnsplashTests" */;
			buildPhases = (
				0FE487F11F615AB500B7E57B /* Sources */,
				0FE487F21F615AB500B7E57B /* Frameworks */,
				0FE487F31F615AB500B7E57B /* Resources */,
			);
			buildRules = (
			);
			dependencies = (
				0FE487F71F615AB500B7E57B /* PBXTargetDependency */,
			);
			name = UTUnsplashTests;
			productName = UTUnsplashTests;
			productReference = 0FE487F51F615AB500B7E57B /* UTUnsplashTests.xctest */;
			productType = "com.apple.product-type.bundle.unit-test";
		};
		0FE487FF1F615AB500B7E57B /* UTUnsplashUITests */ = {
			isa = PBXNativeTarget;
			buildConfigurationList = 0FE4880F1F615AB500B7E57B /* Build configuration list for PBXNativeTarget "UTUnsplashUITests" */;
			buildPhases = (
				0FE487FC1F615AB500B7E57B /* Sources */,
				0FE487FD1F615AB500B7E57B /* Frameworks */,
				0FE487FE1F615AB500B7E57B /* Resources */,
			);
			buildRules = (
			);
			dependencies = (
				0FE488021F615AB500B7E57B /* PBXTargetDependency */,
			);
			name = UTUnsplashUITests;
			productName = UTUnsplashUITests;
			productReference = 0FE488001F615AB500B7E57B /* UTUnsplashUITests.xctest */;
			productType = "com.apple.product-type.bundle.ui-testing";
		};
/* End PBXNativeTarget section */

/* Begin PBXProject section */
		0FE487D91F615AB500B7E57B /* Project object */ = {
			isa = PBXProject;
			attributes = {
				LastSwiftUpdateCheck = 0830;
				LastUpgradeCheck = 0830;
				ORGANIZATIONNAME = "Mert YILDIZ";
				TargetAttributes = {
					0FE487E01F615AB500B7E57B = {
						CreatedOnToolsVersion = 8.3.3;
						DevelopmentTeam = HZ478TAP86;
						ProvisioningStyle = Automatic;
					};
					0FE487F41F615AB500B7E57B = {
						CreatedOnToolsVersion = 8.3.3;
						DevelopmentTeam = HZ478TAP86;
						ProvisioningStyle = Automatic;
						TestTargetID = 0FE487E01F615AB500B7E57B;
					};
					0FE487FF1F615AB500B7E57B = {
						CreatedOnToolsVersion = 8.3.3;
						DevelopmentTeam = HZ478TAP86;
						ProvisioningStyle = Automatic;
						TestTargetID = 0FE487E01F615AB500B7E57B;
					};
				};
			};
			buildConfigurationList = 0FE487DC1F615AB500B7E57B /* Build configuration list for PBXProject "UTUnsplash" */;
			compatibilityVersion = "Xcode 3.2";
			developmentRegion = English;
			hasScannedForEncodings = 0;
			knownRegions = (
				en,
				Base,
			);
			mainGroup = 0FE487D81F615AB500B7E57B;
			productRefGroup = 0FE487E21F615AB500B7E57B /* Products */;
			projectDirPath = "";
			projectRoot = "";
			targets = (
				0FE487E01F615AB500B7E57B /* UTUnsplash */,
				0FE487F41F615AB500B7E57B /* UTUnsplashTests */,
				0FE487FF1F615AB500B7E57B /* UTUnsplashUITests */,
			);
		};
/* End PBXProject section */

/* Begin PBXResourcesBuildPhase section */
		0FE487DF1F615AB500B7E57B /* Resources */ = {
			isa = PBXResourcesBuildPhase;
			buildActionMask = 2147483647;
			files = (
				0FE4881E1F6166DD00B7E57B /* UTUnsplash.xcassets in Resources */,
				0FE487EF1F615AB500B7E57B /* LaunchScreen.storyboard in Resources */,
				0FE487EC1F615AB500B7E57B /* Assets.xcassets in Resources */,
				0FE488161F615D4700B7E57B /* UTUnsplashStoryboard.storyboard in Resources */,
				0FE487EA1F615AB500B7E57B /* Main.storyboard in Resources */,
			);
			runOnlyForDeploymentPostprocessing = 0;
		};
		0FE487F31F615AB500B7E57B /* Resources */ = {
			isa = PBXResourcesBuildPhase;
			buildActionMask = 2147483647;
			files = (
			);
			runOnlyForDeploymentPostprocessing = 0;
		};
		0FE487FE1F615AB500B7E57B /* Resources */ = {
			isa = PBXResourcesBuildPhase;
			buildActionMask = 2147483647;
			files = (
			);
			runOnlyForDeploymentPostprocessing = 0;
		};
/* End PBXResourcesBuildPhase section */

/* Begin PBXSourcesBuildPhase section */
		0FE487DD1F615AB500B7E57B /* Sources */ = {
			isa = PBXSourcesBuildPhase;
			buildActionMask = 2147483647;
			files = (
				0FE487E71F615AB500B7E57B /* ViewController.swift in Sources */,
				0FE488181F615E8B00B7E57B /* UTUnsplash.swift in Sources */,
				0FE487E51F615AB500B7E57B /* AppDelegate.swift in Sources */,
				0FE4881C1F61644B00B7E57B /* UTUnsplashCell.swift in Sources */,
				0F28A6E31F61FFC000346377 /* UTUnsplashLoadingOverlay.swift in Sources */,
				0FE4881A1F6162A000B7E57B /* UTUnsplashViewController.swift in Sources */,
				0F3407A31F61A58200994A22 /* UTUnsplashService.swift in Sources */,
			);
			runOnlyForDeploymentPostprocessing = 0;
		};
		0FE487F11F615AB500B7E57B /* Sources */ = {
			isa = PBXSourcesBuildPhase;
			buildActionMask = 2147483647;
			files = (
				0FE487FA1F615AB500B7E57B /* UTUnsplashTests.swift in Sources */,
			);
			runOnlyForDeploymentPostprocessing = 0;
		};
		0FE487FC1F615AB500B7E57B /* Sources */ = {
			isa = PBXSourcesBuildPhase;
			buildActionMask = 2147483647;
			files = (
				0FE488051F615AB500B7E57B /* UTUnsplashUITests.swift in Sources */,
			);
			runOnlyForDeploymentPostprocessing = 0;
		};
/* End PBXSourcesBuildPhase section */

/* Begin PBXTargetDependency section */
		0FE487F71F615AB500B7E57B /* PBXTargetDependency */ = {
			isa = PBXTargetDependency;
			target = 0FE487E01F615AB500B7E57B /* UTUnsplash */;
			targetProxy = 0FE487F61F615AB500B7E57B /* PBXContainerItemProxy */;
		};
		0FE488021F615AB500B7E57B /* PBXTargetDependency */ = {
			isa = PBXTargetDependency;
			target = 0FE487E01F615AB500B7E57B /* UTUnsplash */;
			targetProxy = 0FE488011F615AB500B7E57B /* PBXContainerItemProxy */;
		};
/* End PBXTargetDependency section */

/* Begin PBXVariantGroup section */
		0FE487E81F615AB500B7E57B /* Main.storyboard */ = {
			isa = PBXVariantGroup;
			children = (
				0FE487E91F615AB500B7E57B /* Base */,
			);
			name = Main.storyboard;
			sourceTree = "<group>";
		};
		0FE487ED1F615AB500B7E57B /* LaunchScreen.storyboard */ = {
			isa = PBXVariantGroup;
			children = (
				0FE487EE1F615AB500B7E57B /* Base */,
			);
			name = LaunchScreen.storyboard;
			sourceTree = "<group>";
		};
/* End PBXVariantGroup section */

/* Begin XCBuildConfiguration section */
		0FE488071F615AB500B7E57B /* Debug */ = {
			isa = XCBuildConfiguration;
			buildSettings = {
				ALWAYS_SEARCH_USER_PATHS = NO;
				CLANG_ANALYZER_NONNULL = YES;
				CLANG_ANALYZER_NUMBER_OBJECT_CONVERSION = YES_AGGRESSIVE;
				CLANG_CXX_LANGUAGE_STANDARD = "gnu++0x";
				CLANG_CXX_LIBRARY = "libc++";
				CLANG_ENABLE_MODULES = YES;
				CLANG_ENABLE_OBJC_ARC = YES;
				CLANG_WARN_BOOL_CONVERSION = YES;
				CLANG_WARN_CONSTANT_CONVERSION = YES;
				CLANG_WARN_DIRECT_OBJC_ISA_USAGE = YES_ERROR;
				CLANG_WARN_DOCUMENTATION_COMMENTS = YES;
				CLANG_WARN_EMPTY_BODY = YES;
				CLANG_WARN_ENUM_CONVERSION = YES;
				CLANG_WARN_INFINITE_RECURSION = YES;
				CLANG_WARN_INT_CONVERSION = YES;
				CLANG_WARN_OBJC_ROOT_CLASS = YES_ERROR;
				CLANG_WARN_SUSPICIOUS_MOVE = YES;
				CLANG_WARN_UNREACHABLE_CODE = YES;
				CLANG_WARN__DUPLICATE_METHOD_MATCH = YES;
				"CODE_SIGN_IDENTITY[sdk=iphoneos*]" = "iPhone Developer";
				COPY_PHASE_STRIP = NO;
				DEBUG_INFORMATION_FORMAT = dwarf;
				ENABLE_STRICT_OBJC_MSGSEND = YES;
				ENABLE_TESTABILITY = YES;
				GCC_C_LANGUAGE_STANDARD = gnu99;
				GCC_DYNAMIC_NO_PIC = NO;
				GCC_NO_COMMON_BLOCKS = YES;
				GCC_OPTIMIZATION_LEVEL = 0;
				GCC_PREPROCESSOR_DEFINITIONS = (
					"DEBUG=1",
					"$(inherited)",
				);
				GCC_WARN_64_TO_32_BIT_CONVERSION = YES;
				GCC_WARN_ABOUT_RETURN_TYPE = YES_ERROR;
				GCC_WARN_UNDECLARED_SELECTOR = YES;
				GCC_WARN_UNINITIALIZED_AUTOS = YES_AGGRESSIVE;
				GCC_WARN_UNUSED_FUNCTION = YES;
				GCC_WARN_UNUSED_VARIABLE = YES;
				IPHONEOS_DEPLOYMENT_TARGET = 10.3;
				MTL_ENABLE_DEBUG_INFO = YES;
				ONLY_ACTIVE_ARCH = YES;
				SDKROOT = iphoneos;
				SWIFT_ACTIVE_COMPILATION_CONDITIONS = DEBUG;
				SWIFT_OPTIMIZATION_LEVEL = "-Onone";
				TARGETED_DEVICE_FAMILY = "1,2";
			};
			name = Debug;
		};
		0FE488081F615AB500B7E57B /* Release */ = {
			isa = XCBuildConfiguration;
			buildSettings = {
				ALWAYS_SEARCH_USER_PATHS = NO;
				CLANG_ANALYZER_NONNULL = YES;
				CLANG_ANALYZER_NUMBER_OBJECT_CONVERSION = YES_AGGRESSIVE;
				CLANG_CXX_LANGUAGE_STANDARD = "gnu++0x";
				CLANG_CXX_LIBRARY = "libc++";
				CLANG_ENABLE_MODULES = YES;
				CLANG_ENABLE_OBJC_ARC = YES;
				CLANG_WARN_BOOL_CONVERSION = YES;
				CLANG_WARN_CONSTANT_CONVERSION = YES;
				CLANG_WARN_DIRECT_OBJC_ISA_USAGE = YES_ERROR;
				CLANG_WARN_DOCUMENTATION_COMMENTS = YES;
				CLANG_WARN_EMPTY_BODY = YES;
				CLANG_WARN_ENUM_CONVERSION = YES;
				CLANG_WARN_INFINITE_RECURSION = YES;
				CLANG_WARN_INT_CONVERSION = YES;
				CLANG_WARN_OBJC_ROOT_CLASS = YES_ERROR;
				CLANG_WARN_SUSPICIOUS_MOVE = YES;
				CLANG_WARN_UNREACHABLE_CODE = YES;
				CLANG_WARN__DUPLICATE_METHOD_MATCH = YES;
				"CODE_SIGN_IDENTITY[sdk=iphoneos*]" = "iPhone Developer";
				COPY_PHASE_STRIP = NO;
				DEBUG_INFORMATION_FORMAT = "dwarf-with-dsym";
				ENABLE_NS_ASSERTIONS = NO;
				ENABLE_STRICT_OBJC_MSGSEND = YES;
				GCC_C_LANGUAGE_STANDARD = gnu99;
				GCC_NO_COMMON_BLOCKS = YES;
				GCC_WARN_64_TO_32_BIT_CONVERSION = YES;
				GCC_WARN_ABOUT_RETURN_TYPE = YES_ERROR;
				GCC_WARN_UNDECLARED_SELECTOR = YES;
				GCC_WARN_UNINITIALIZED_AUTOS = YES_AGGRESSIVE;
				GCC_WARN_UNUSED_FUNCTION = YES;
				GCC_WARN_UNUSED_VARIABLE = YES;
				IPHONEOS_DEPLOYMENT_TARGET = 10.3;
				MTL_ENABLE_DEBUG_INFO = NO;
				SDKROOT = iphoneos;
				SWIFT_OPTIMIZATION_LEVEL = "-Owholemodule";
				TARGETED_DEVICE_FAMILY = "1,2";
				VALIDATE_PRODUCT = YES;
			};
			name = Release;
		};
		0FE4880A1F615AB500B7E57B /* Debug */ = {
			isa = XCBuildConfiguration;
			buildSettings = {
				ASSETCATALOG_COMPILER_APPICON_NAME = AppIcon;
				DEVELOPMENT_TEAM = HZ478TAP86;
				INFOPLIST_FILE = UTUnsplash/Info.plist;
				IPHONEOS_DEPLOYMENT_TARGET = 7.0;
				LD_RUNPATH_SEARCH_PATHS = "$(inherited) @executable_path/Frameworks";
				PRODUCT_BUNDLE_IDENTIFIER = com.Uniqtech.UTUnsplash;
				PRODUCT_NAME = "$(TARGET_NAME)";
				SWIFT_VERSION = 3.0;
			};
			name = Debug;
		};
		0FE4880B1F615AB500B7E57B /* Release */ = {
			isa = XCBuildConfiguration;
			buildSettings = {
				ASSETCATALOG_COMPILER_APPICON_NAME = AppIcon;
				DEVELOPMENT_TEAM = HZ478TAP86;
				INFOPLIST_FILE = UTUnsplash/Info.plist;
				IPHONEOS_DEPLOYMENT_TARGET = 7.0;
				LD_RUNPATH_SEARCH_PATHS = "$(inherited) @executable_path/Frameworks";
				PRODUCT_BUNDLE_IDENTIFIER = com.Uniqtech.UTUnsplash;
				PRODUCT_NAME = "$(TARGET_NAME)";
				SWIFT_VERSION = 3.0;
			};
			name = Release;
		};
		0FE4880D1F615AB500B7E57B /* Debug */ = {
			isa = XCBuildConfiguration;
			buildSettings = {
				ALWAYS_EMBED_SWIFT_STANDARD_LIBRARIES = YES;
				BUNDLE_LOADER = "$(TEST_HOST)";
				DEVELOPMENT_TEAM = HZ478TAP86;
				INFOPLIST_FILE = UTUnsplashTests/Info.plist;
				LD_RUNPATH_SEARCH_PATHS = "$(inherited) @executable_path/Frameworks @loader_path/Frameworks";
				PRODUCT_BUNDLE_IDENTIFIER = com.Uniqtech.UTUnsplashTests;
				PRODUCT_NAME = "$(TARGET_NAME)";
				SWIFT_VERSION = 3.0;
				TEST_HOST = "$(BUILT_PRODUCTS_DIR)/UTUnsplash.app/UTUnsplash";
			};
			name = Debug;
		};
		0FE4880E1F615AB500B7E57B /* Release */ = {
			isa = XCBuildConfiguration;
			buildSettings = {
				ALWAYS_EMBED_SWIFT_STANDARD_LIBRARIES = YES;
				BUNDLE_LOADER = "$(TEST_HOST)";
				DEVELOPMENT_TEAM = HZ478TAP86;
				INFOPLIST_FILE = UTUnsplashTests/Info.plist;
				LD_RUNPATH_SEARCH_PATHS = "$(inherited) @executable_path/Frameworks @loader_path/Frameworks";
				PRODUCT_BUNDLE_IDENTIFIER = com.Uniqtech.UTUnsplashTests;
				PRODUCT_NAME = "$(TARGET_NAME)";
				SWIFT_VERSION = 3.0;
				TEST_HOST = "$(BUILT_PRODUCTS_DIR)/UTUnsplash.app/UTUnsplash";
			};
			name = Release;
		};
		0FE488101F615AB500B7E57B /* Debug */ = {
			isa = XCBuildConfiguration;
			buildSettings = {
				ALWAYS_EMBED_SWIFT_STANDARD_LIBRARIES = YES;
				DEVELOPMENT_TEAM = HZ478TAP86;
				INFOPLIST_FILE = UTUnsplashUITests/Info.plist;
				LD_RUNPATH_SEARCH_PATHS = "$(inherited) @executable_path/Frameworks @loader_path/Frameworks";
				PRODUCT_BUNDLE_IDENTIFIER = com.Uniqtech.UTUnsplashUITests;
				PRODUCT_NAME = "$(TARGET_NAME)";
				SWIFT_VERSION = 3.0;
				TEST_TARGET_NAME = UTUnsplash;
			};
			name = Debug;
		};
		0FE488111F615AB500B7E57B /* Release */ = {
			isa = XCBuildConfiguration;
			buildSettings = {
				ALWAYS_EMBED_SWIFT_STANDARD_LIBRARIES = YES;
				DEVELOPMENT_TEAM = HZ478TAP86;
				INFOPLIST_FILE = UTUnsplashUITests/Info.plist;
				LD_RUNPATH_SEARCH_PATHS = "$(inherited) @executable_path/Frameworks @loader_path/Frameworks";
				PRODUCT_BUNDLE_IDENTIFIER = com.Uniqtech.UTUnsplashUITests;
				PRODUCT_NAME = "$(TARGET_NAME)";
				SWIFT_VERSION = 3.0;
				TEST_TARGET_NAME = UTUnsplash;
			};
			name = Release;
		};
/* End XCBuildConfiguration section */

/* Begin XCConfigurationList section */
		0FE487DC1F615AB500B7E57B /* Build configuration list for PBXProject "UTUnsplash" */ = {
			isa = XCConfigurationList;
			buildConfigurations = (
				0FE488071F615AB500B7E57B /* Debug */,
				0FE488081F615AB500B7E57B /* Release */,
			);
			defaultConfigurationIsVisible = 0;
			defaultConfigurationName = Release;
		};
		0FE488091F615AB500B7E57B /* Build configuration list for PBXNativeTarget "UTUnsplash" */ = {
			isa = XCConfigurationList;
			buildConfigurations = (
				0FE4880A1F615AB500B7E57B /* Debug */,
				0FE4880B1F615AB500B7E57B /* Release */,
			);
			defaultConfigurationIsVisible = 0;
			defaultConfigurationName = Release;
		};
		0FE4880C1F615AB500B7E57B /* Build configuration list for PBXNativeTarget "UTUnsplashTests" */ = {
			isa = XCConfigurationList;
			buildConfigurations = (
				0FE4880D1F615AB500B7E57B /* Debug */,
				0FE4880E1F615AB500B7E57B /* Release */,
			);
			defaultConfigurationIsVisible = 0;
			defaultConfigurationName = Release;
		};
		0FE4880F1F615AB500B7E57B /* Build configuration list for PBXNativeTarget "UTUnsplashUITests" */ = {
			isa = XCConfigurationList;
			buildConfigurations = (
				0FE488101F615AB500B7E57B /* Debug */,
				0FE488111F615AB500B7E57B /* Release */,
			);
			defaultConfigurationIsVisible = 0;
			defaultConfigurationName = Release;
		};
/* End XCConfigurationList section */
	};
	rootObject = 0FE487D91F615AB500B7E57B /* Project object */;
}
